{
  "version": 4,
  "terraform_version": "1.7.4",
  "serial": 3,
  "lineage": "d626f51c-3a82-987f-8c61-b029cdfb90eb",
  "outputs": {},
  "resources": [
    {
      "mode": "managed",
      "type": "aws_instance",
      "name": "dove-inst",
      "provider": "provider[\"registry.terraform.io/hashicorp/aws\"]",
      "instances": [
        {
          "schema_version": 1,
          "attributes": {
            "ami": "ami-0c7217cdde317cfec",
            "arn": "arn:aws:ec2:us-east-1:412129183510:instance/i-0d574c829cf74f19a",
            "associate_public_ip_address": true,
            "availability_zone": "us-east-1a",
            "capacity_reservation_specification": [
              {
                "capacity_reservation_preference": "open",
                "capacity_reservation_target": []
              }
            ],
            "cpu_core_count": 1,
            "cpu_options": [
              {
                "amd_sev_snp": "",
                "core_count": 1,
                "threads_per_core": 1
              }
            ],
            "cpu_threads_per_core": 1,
            "credit_specification": [
              {
                "cpu_credits": "standard"
              }
            ],
            "disable_api_stop": false,
            "disable_api_termination": false,
            "ebs_block_device": [],
            "ebs_optimized": false,
            "enclave_options": [
              {
                "enabled": false
              }
            ],
            "ephemeral_block_device": [],
            "get_password_data": false,
            "hibernation": false,
            "host_id": "",
            "host_resource_group_arn": null,
            "iam_instance_profile": "",
            "id": "i-0d574c829cf74f19a",
            "instance_initiated_shutdown_behavior": "stop",
            "instance_lifecycle": "",
            "instance_market_options": [],
            "instance_state": "running",
            "instance_type": "t2.micro",
            "ipv6_address_count": 0,
            "ipv6_addresses": [],
            "key_name": "dovekey",
            "launch_template": [],
            "maintenance_options": [
              {
                "auto_recovery": "default"
              }
            ],
            "metadata_options": [
              {
                "http_endpoint": "enabled",
                "http_protocol_ipv6": "disabled",
                "http_put_response_hop_limit": 1,
                "http_tokens": "optional",
                "instance_metadata_tags": "disabled"
              }
            ],
            "monitoring": false,
            "network_interface": [],
            "outpost_arn": "",
            "password_data": "",
            "placement_group": "",
            "placement_partition_number": 0,
            "primary_network_interface_id": "eni-0ca80bcbba8a39691",
            "private_dns": "ip-172-31-91-88.ec2.internal",
            "private_dns_name_options": [
              {
                "enable_resource_name_dns_a_record": false,
                "enable_resource_name_dns_aaaa_record": false,
                "hostname_type": "ip-name"
              }
            ],
            "private_ip": "172.31.91.88",
            "public_dns": "ec2-54-174-183-44.compute-1.amazonaws.com",
            "public_ip": "54.174.183.44",
            "root_block_device": [
              {
                "delete_on_termination": true,
                "device_name": "/dev/sda1",
                "encrypted": false,
                "iops": 100,
                "kms_key_id": "",
                "tags": {},
                "throughput": 0,
                "volume_id": "vol-0b05ce4a56941a8d0",
                "volume_size": 8,
                "volume_type": "gp2"
              }
            ],
            "secondary_private_ips": [],
            "security_groups": [
              "dove-sg"
            ],
            "source_dest_check": true,
            "spot_instance_request_id": "",
            "subnet_id": "subnet-0fe4879dff114fafd",
            "tags": {
              "Name": "Dove-Instance",
              "Project": "Dove"
            },
            "tags_all": {
              "Name": "Dove-Instance",
              "Project": "Dove"
            },
            "tenancy": "default",
            "timeouts": null,
            "user_data": null,
            "user_data_base64": null,
            "user_data_replace_on_change": false,
            "volume_tags": null,
            "vpc_security_group_ids": [
              "sg-052403022d796d2b5"
            ]
          },
          "sensitive_attributes": [],
          "private": "eyJlMmJmYjczMC1lY2FhLTExZTYtOGY4OC0zNDM2M2JjN2M0YzAiOnsiY3JlYXRlIjo2MDAwMDAwMDAwMDAsImRlbGV0ZSI6MTIwMDAwMDAwMDAwMCwidXBkYXRlIjo2MDAwMDAwMDAwMDB9LCJzY2hlbWFfdmVyc2lvbiI6IjEifQ==",
          "dependencies": [
            "aws_key_pair.dove-key"
          ]
        }
      ]
    },
    {
      "mode": "managed",
      "type": "aws_key_pair",
      "name": "dove-key",
      "provider": "provider[\"registry.terraform.io/hashicorp/aws\"]",
      "instances": [
        {
          "schema_version": 1,
          "attributes": {
            "arn": "arn:aws:ec2:us-east-1:412129183510:key-pair/dovekey",
            "fingerprint": "f4:d8:3f:f5:e1:b1:de:ae:58:62:0f:5e:05:c3:11:c7",
            "id": "dovekey",
            "key_name": "dovekey",
            "key_name_prefix": "",
            "key_pair_id": "key-0a15ef5a20ea9f4aa",
            "key_type": "rsa",
            "public_key": "ssh-rsa AAAAB3NzaC1yc2EAAAADAQABAAABgQDNN6Xw0BpeT+o+Y9i2SUIneJ7VHyGPPC01UKwS2GVu3xxFPwcCJDFSu3LVj6WD+v5NLMSp2BAkq73DAiJPO2wuNcmItDgYtnTocV0Rioem/iX1OlUdoPU58F5Nkoqwl9HAKdx0jxrwxDdJoRmeQrsXIdTwrYdH98CPvuilwTLdvUam0T1dOjoPR05gAJZ9awQKDoJFTDDd2yaltD+Ge5p4jqEmb27KzxodJkYX33aDQBOZ47tZG2mlq/qYo9pSewj+ZiFX9v/RPmYiyIxdsE1/uunkWgObL+YFeJEAkcty+CmqSeVCi/FSSCji1JJ041eNPJHNYoILCF0aEMJ7mUN9DAgr73pMJ3CT9leHm63lmpJGFxKKXJ6mtcrph0q4CDfkEa8O4MN8xn4XabY8Jtb3oNJuq7uisDQ2CatAJ9YLXYSIifcLFJOu1mxiMMdXRHSJJS58tE8O5F4b9JD+g3qGm/tdsQZoKVFbVm2ZKM4ko2RPmVxmGUSg8iOOkeKSeAc= kent@KentWind",
            "tags": null,
            "tags_all": {}
          },
          "sensitive_attributes": [],
          "private": "eyJzY2hlbWFfdmVyc2lvbiI6IjEifQ=="
        }
      ]
    }
  ],
  "check_results": null
}
